// !$*UTF8*$!
{
	archiveVersion = 1;
	classes = {
	};
	objectVersion = 46;
	objects = {

/* Begin PBXBuildFile section */
		B53ABFAC1E885040007B5BEA /* AppDelegate.swift in Sources */ = {isa = PBXBuildFile; fileRef = B53ABFAB1E885040007B5BEA /* AppDelegate.swift */; };
		B53ABFB11E885040007B5BEA /* Main.storyboard in Resources */ = {isa = PBXBuildFile; fileRef = B53ABFAF1E885040007B5BEA /* Main.storyboard */; };
		B53ABFB31E885040007B5BEA /* Assets.xcassets in Resources */ = {isa = PBXBuildFile; fileRef = B53ABFB21E885040007B5BEA /* Assets.xcassets */; };
		B53ABFB61E885040007B5BEA /* LaunchScreen.storyboard in Resources */ = {isa = PBXBuildFile; fileRef = B53ABFB41E885040007B5BEA /* LaunchScreen.storyboard */; };
		B53ABFBF1E88505C007B5BEA /* Secrets.swift in Sources */ = {isa = PBXBuildFile; fileRef = B53ABFBE1E88505C007B5BEA /* Secrets.swift */; };
		B53ABFC11E885060007B5BEA /* APIManager.swift in Sources */ = {isa = PBXBuildFile; fileRef = B53ABFC01E885060007B5BEA /* APIManager.swift */; };
		B576988C1E8854AD00DC94DA /* MainTableViewController.swift in Sources */ = {isa = PBXBuildFile; fileRef = B576988B1E8854AD00DC94DA /* MainTableViewController.swift */; };
		B576988F1E88589200DC94DA /* Restaurant.swift in Sources */ = {isa = PBXBuildFile; fileRef = B576988E1E88589200DC94DA /* Restaurant.swift */; };
		B57698911E885CBF00DC94DA /* RestaurantCell.swift in Sources */ = {isa = PBXBuildFile; fileRef = B57698901E885CBF00DC94DA /* RestaurantCell.swift */; };
		F0152482DA2CA45386859094 /* Pods_Keto_Finder.framework in Frameworks */ = {isa = PBXBuildFile; fileRef = E704B1CA7CDD2CB70183B33C /* Pods_Keto_Finder.framework */; };
/* End PBXBuildFile section */

/* Begin PBXFileReference section */
		45368EEE73E6C99807DB9B4B /* Pods-Keto Finder.release.xcconfig */ = {isa = PBXFileReference; includeInIndex = 1; lastKnownFileType = text.xcconfig; name = "Pods-Keto Finder.release.xcconfig"; path = "Pods/Target Support Files/Pods-Keto Finder/Pods-Keto Finder.release.xcconfig"; sourceTree = "<group>"; };
		858CAF9A7D02A7D0655ECCA3 /* Pods-Keto Finder.debug.xcconfig */ = {isa = PBXFileReference; includeInIndex = 1; lastKnownFileType = text.xcconfig; name = "Pods-Keto Finder.debug.xcconfig"; path = "Pods/Target Support Files/Pods-Keto Finder/Pods-Keto Finder.debug.xcconfig"; sourceTree = "<group>"; };
		B53ABFA81E885040007B5BEA /* Keto Finder.app */ = {isa = PBXFileReference; explicitFileType = wrapper.application; includeInIndex = 0; path = "Keto Finder.app"; sourceTree = BUILT_PRODUCTS_DIR; };
		B53ABFAB1E885040007B5BEA /* AppDelegate.swift */ = {isa = PBXFileReference; lastKnownFileType = sourcecode.swift; path = AppDelegate.swift; sourceTree = "<group>"; };
		B53ABFB01E885040007B5BEA /* Base */ = {isa = PBXFileReference; lastKnownFileType = file.storyboard; name = Base; path = Base.lproj/Main.storyboard; sourceTree = "<group>"; };
		B53ABFB21E885040007B5BEA /* Assets.xcassets */ = {isa = PBXFileReference; lastKnownFileType = folder.assetcatalog; path = Assets.xcassets; sourceTree = "<group>"; };
		B53ABFB51E885040007B5BEA /* Base */ = {isa = PBXFileReference; lastKnownFileType = file.storyboard; name = Base; path = Base.lproj/LaunchScreen.storyboard; sourceTree = "<group>"; };
		B53ABFB71E885040007B5BEA /* Info.plist */ = {isa = PBXFileReference; lastKnownFileType = text.plist.xml; path = Info.plist; sourceTree = "<group>"; };
		B53ABFBE1E88505C007B5BEA /* Secrets.swift */ = {isa = PBXFileReference; fileEncoding = 4; lastKnownFileType = sourcecode.swift; path = Secrets.swift; sourceTree = "<group>"; };
		B53ABFC01E885060007B5BEA /* APIManager.swift */ = {isa = PBXFileReference; fileEncoding = 4; lastKnownFileType = sourcecode.swift; path = APIManager.swift; sourceTree = "<group>"; };
		B576988B1E8854AD00DC94DA /* MainTableViewController.swift */ = {isa = PBXFileReference; fileEncoding = 4; lastKnownFileType = sourcecode.swift; path = MainTableViewController.swift; sourceTree = "<group>"; };
		B576988E1E88589200DC94DA /* Restaurant.swift */ = {isa = PBXFileReference; fileEncoding = 4; lastKnownFileType = sourcecode.swift; path = Restaurant.swift; sourceTree = "<group>"; };
		B57698901E885CBF00DC94DA /* RestaurantCell.swift */ = {isa = PBXFileReference; fileEncoding = 4; lastKnownFileType = sourcecode.swift; name = RestaurantCell.swift; path = ../RestaurantCell.swift; sourceTree = "<group>"; };
		E704B1CA7CDD2CB70183B33C /* Pods_Keto_Finder.framework */ = {isa = PBXFileReference; explicitFileType = wrapper.framework; includeInIndex = 0; path = Pods_Keto_Finder.framework; sourceTree = BUILT_PRODUCTS_DIR; };
/* End PBXFileReference section */

/* Begin PBXFrameworksBuildPhase section */
		B53ABFA51E885040007B5BEA /* Frameworks */ = {
			isa = PBXFrameworksBuildPhase;
			buildActionMask = 2147483647;
			files = (
				F0152482DA2CA45386859094 /* Pods_Keto_Finder.framework in Frameworks */,
			);
			runOnlyForDeploymentPostprocessing = 0;
		};
/* End PBXFrameworksBuildPhase section */

/* Begin PBXGroup section */
		7114AC6A6F007EB62BDCF678 /* Pods */ = {
			isa = PBXGroup;
			children = (
				858CAF9A7D02A7D0655ECCA3 /* Pods-Keto Finder.debug.xcconfig */,
				45368EEE73E6C99807DB9B4B /* Pods-Keto Finder.release.xcconfig */,
			);
			name = Pods;
			sourceTree = "<group>";
		};
		9486FD2CF182EFA7EE28B21D /* Frameworks */ = {
			isa = PBXGroup;
			children = (
				E704B1CA7CDD2CB70183B33C /* Pods_Keto_Finder.framework */,
			);
			name = Frameworks;
			sourceTree = "<group>";
		};
		B53ABF9F1E885040007B5BEA = {
			isa = PBXGroup;
			children = (
				B53ABFAA1E885040007B5BEA /* Keto Finder */,
				B53ABFA91E885040007B5BEA /* Products */,
				7114AC6A6F007EB62BDCF678 /* Pods */,
				9486FD2CF182EFA7EE28B21D /* Frameworks */,
			);
			sourceTree = "<group>";
		};
		B53ABFA91E885040007B5BEA /* Products */ = {
			isa = PBXGroup;
			children = (
				B53ABFA81E885040007B5BEA /* Keto Finder.app */,
			);
			name = Products;
			sourceTree = "<group>";
		};
		B53ABFAA1E885040007B5BEA /* Keto Finder */ = {
			isa = PBXGroup;
			children = (
				B57698921E885CC300DC94DA /* Views */,
				B576988D1E88588B00DC94DA /* Models */,
				B53ABFBD1E885054007B5BEA /* Networking */,
				B53ABFAB1E885040007B5BEA /* AppDelegate.swift */,
				B53ABFAF1E885040007B5BEA /* Main.storyboard */,
				B576988B1E8854AD00DC94DA /* MainTableViewController.swift */,
				B53ABFB21E885040007B5BEA /* Assets.xcassets */,
				B53ABFB41E885040007B5BEA /* LaunchScreen.storyboard */,
				B53ABFB71E885040007B5BEA /* Info.plist */,
			);
			path = "Keto Finder";
			sourceTree = "<group>";
		};
		B53ABFBD1E885054007B5BEA /* Networking */ = {
			isa = PBXGroup;
			children = (
				B53ABFBE1E88505C007B5BEA /* Secrets.swift */,
				B53ABFC01E885060007B5BEA /* APIManager.swift */,
			);
			name = Networking;
			sourceTree = "<group>";
		};
		B576988D1E88588B00DC94DA /* Models */ = {
			isa = PBXGroup;
			children = (
				B576988E1E88589200DC94DA /* Restaurant.swift */,
			);
			name = Models;
			sourceTree = "<group>";
		};
		B57698921E885CC300DC94DA /* Views */ = {
			isa = PBXGroup;
			children = (
				B57698901E885CBF00DC94DA /* RestaurantCell.swift */,
			);
			name = Views;
			sourceTree = "<group>";
		};
/* End PBXGroup section */

/* Begin PBXNativeTarget section */
		B53ABFA71E885040007B5BEA /* Keto Finder */ = {
			isa = PBXNativeTarget;
			buildConfigurationList = B53ABFBA1E885040007B5BEA /* Build configuration list for PBXNativeTarget "Keto Finder" */;
			buildPhases = (
				D9DDE1485D25D61D7C7086A3 /* [CP] Check Pods Manifest.lock */,
				B53ABFA41E885040007B5BEA /* Sources */,
				B53ABFA51E885040007B5BEA /* Frameworks */,
				B53ABFA61E885040007B5BEA /* Resources */,
				331C19F47957AF94726F5399 /* [CP] Embed Pods Frameworks */,
				DF61808C4D17991DC88E64F8 /* [CP] Copy Pods Resources */,
			);
			buildRules = (
			);
			dependencies = (
			);
			name = "Keto Finder";
			productName = "Keto Finder";
			productReference = B53ABFA81E885040007B5BEA /* Keto Finder.app */;
			productType = "com.apple.product-type.application";
		};
/* End PBXNativeTarget section */

/* Begin PBXProject section */
		B53ABFA01E885040007B5BEA /* Project object */ = {
			isa = PBXProject;
			attributes = {
				LastSwiftUpdateCheck = 0820;
				LastUpgradeCheck = 0820;
				ORGANIZATIONNAME = "Burning Flowers";
				TargetAttributes = {
					B53ABFA71E885040007B5BEA = {
						CreatedOnToolsVersion = 8.2.1;
						DevelopmentTeam = R2Y4F8J6CR;
						ProvisioningStyle = Automatic;
					};
				};
			};
			buildConfigurationList = B53ABFA31E885040007B5BEA /* Build configuration list for PBXProject "Keto Finder" */;
			compatibilityVersion = "Xcode 3.2";
			developmentRegion = English;
			hasScannedForEncodings = 0;
			knownRegions = (
				en,
				Base,
			);
			mainGroup = B53ABF9F1E885040007B5BEA;
			productRefGroup = B53ABFA91E885040007B5BEA /* Products */;
			projectDirPath = "";
			projectRoot = "";
			targets = (
				B53ABFA71E885040007B5BEA /* Keto Finder */,
			);
		};
/* End PBXProject section */

/* Begin PBXResourcesBuildPhase section */
		B53ABFA61E885040007B5BEA /* Resources */ = {
			isa = PBXResourcesBuildPhase;
			buildActionMask = 2147483647;
			files = (
				B53ABFB61E885040007B5BEA /* LaunchScreen.storyboard in Resources */,
				B53ABFB31E885040007B5BEA /* Assets.xcassets in Resources */,
				B53ABFB11E885040007B5BEA /* Main.storyboard in Resources */,
			);
			runOnlyForDeploymentPostprocessing = 0;
		};
/* End PBXResourcesBuildPhase section */

/* Begin PBXShellScriptBuildPhase section */
		331C19F47957AF94726F5399 /* [CP] Embed Pods Frameworks */ = {
			isa = PBXShellScriptBuildPhase;
			buildActionMask = 2147483647;
			files = (
			);
			inputPaths = (
			);
			name = "[CP] Embed Pods Frameworks";
			outputPaths = (
			);
			runOnlyForDeploymentPostprocessing = 0;
			shellPath = /bin/sh;
			shellScript = "\"${SRCROOT}/Pods/Target Support Files/Pods-Keto Finder/Pods-Keto Finder-frameworks.sh\"\n";
			showEnvVarsInLog = 0;
		};
		D9DDE1485D25D61D7C7086A3 /* [CP] Check Pods Manifest.lock */ = {
			isa = PBXShellScriptBuildPhase;
			buildActionMask = 2147483647;
			files = (
			);
			inputPaths = (
			);
			name = "[CP] Check Pods Manifest.lock";
			outputPaths = (
			);
			runOnlyForDeploymentPostprocessing = 0;
			shellPath = /bin/sh;
			shellScript = "diff \"${PODS_ROOT}/../Podfile.lock\" \"${PODS_ROOT}/Manifest.lock\" > /dev/null\nif [ $? != 0 ] ; then\n    # print error to STDERR\n    echo \"error: The sandbox is not in sync with the Podfile.lock. Run 'pod install' or update your CocoaPods installation.\" >&2\n    exit 1\nfi\n";
			showEnvVarsInLog = 0;
		};
		DF61808C4D17991DC88E64F8 /* [CP] Copy Pods Resources */ = {
			isa = PBXShellScriptBuildPhase;
			buildActionMask = 2147483647;
			files = (
			);
			inputPaths = (
			);
			name = "[CP] Copy Pods Resources";
			outputPaths = (
			);
			runOnlyForDeploymentPostprocessing = 0;
			shellPath = /bin/sh;
			shellScript = "\"${SRCROOT}/Pods/Target Support Files/Pods-Keto Finder/Pods-Keto Finder-resources.sh\"\n";
			showEnvVarsInLog = 0;
		};
/* End PBXShellScriptBuildPhase section */

/* Begin PBXSourcesBuildPhase section */
		B53ABFA41E885040007B5BEA /* Sources */ = {
			isa = PBXSourcesBuildPhase;
			buildActionMask = 2147483647;
			files = (
				B57698911E885CBF00DC94DA /* RestaurantCell.swift in Sources */,
				B576988F1E88589200DC94DA /* Restaurant.swift in Sources */,
				B576988C1E8854AD00DC94DA /* MainTableViewController.swift in Sources */,
				B53ABFC11E885060007B5BEA /* APIManager.swift in Sources */,
				B53ABFBF1E88505C007B5BEA /* Secrets.swift in Sources */,
				B53ABFAC1E885040007B5BEA /* AppDelegate.swift in Sources */,
			);
			runOnlyForDeploymentPostprocessing = 0;
		};
/* End PBXSourcesBuildPhase section */

/* Begin PBXVariantGroup section */
		B53ABFAF1E885040007B5BEA /* Main.storyboard */ = {
			isa = PBXVariantGroup;
			children = (
				B53ABFB01E885040007B5BEA /* Base */,
			);
			name = Main.storyboard;
			sourceTree = "<group>";
		};
		B53ABFB41E885040007B5BEA /* LaunchScreen.storyboard */ = {
			isa = PBXVariantGroup;
			children = (
				B53ABFB51E885040007B5BEA /* Base */,
			);
			name = LaunchScreen.storyboard;
			sourceTree = "<group>";
		};
/* End PBXVariantGroup section */

/* Begin XCBuildConfiguration section */
		B53ABFB81E885040007B5BEA /* Debug */ = {
			isa = XCBuildConfiguration;
			buildSettings = {
				ALWAYS_SEARCH_USER_PATHS = NO;
				CLANG_ANALYZER_NONNULL = YES;
				CLANG_CXX_LANGUAGE_STANDARD = "gnu++0x";
				CLANG_CXX_LIBRARY = "libc++";
				CLANG_ENABLE_MODULES = YES;
				CLANG_ENABLE_OBJC_ARC = YES;
				CLANG_WARN_BOOL_CONVERSION = YES;
				CLANG_WARN_CONSTANT_CONVERSION = YES;
				CLANG_WARN_DIRECT_OBJC_ISA_USAGE = YES_ERROR;
				CLANG_WARN_DOCUMENTATION_COMMENTS = YES;
				CLANG_WARN_EMPTY_BODY = YES;
				CLANG_WARN_ENUM_CONVERSION = YES;
				CLANG_WARN_INFINITE_RECURSION = YES;
				CLANG_WARN_INT_CONVERSION = YES;
				CLANG_WARN_OBJC_ROOT_CLASS = YES_ERROR;
				CLANG_WARN_SUSPICIOUS_MOVE = YES;
				CLANG_WARN_UNREACHABLE_CODE = YES;
				CLANG_WARN__DUPLICATE_METHOD_MATCH = YES;
				"CODE_SIGN_IDENTITY[sdk=iphoneos*]" = "iPhone Developer";
				COPY_PHASE_STRIP = NO;
				DEBUG_INFORMATION_FORMAT = dwarf;
				ENABLE_STRICT_OBJC_MSGSEND = YES;
				ENABLE_TESTABILITY = YES;
				GCC_C_LANGUAGE_STANDARD = gnu99;
				GCC_DYNAMIC_NO_PIC = NO;
				GCC_NO_COMMON_BLOCKS = YES;
				GCC_OPTIMIZATION_LEVEL = 0;
				GCC_PREPROCESSOR_DEFINITIONS = (
					"DEBUG=1",
					"$(inherited)",
				);
				GCC_WARN_64_TO_32_BIT_CONVERSION = YES;
				GCC_WARN_ABOUT_RETURN_TYPE = YES_ERROR;
				GCC_WARN_UNDECLARED_SELECTOR = YES;
				GCC_WARN_UNINITIALIZED_AUTOS = YES_AGGRESSIVE;
				GCC_WARN_UNUSED_FUNCTION = YES;
				GCC_WARN_UNUSED_VARIABLE = YES;
				IPHONEOS_DEPLOYMENT_TARGET = 10.2;
				MTL_ENABLE_DEBUG_INFO = YES;
				ONLY_ACTIVE_ARCH = YES;
				SDKROOT = iphoneos;
				SWIFT_ACTIVE_COMPILATION_CONDITIONS = DEBUG;
				SWIFT_OPTIMIZATION_LEVEL = "-Onone";
			};
			name = Debug;
		};
		B53ABFB91E885040007B5BEA /* Release */ = {
			isa = XCBuildConfiguration;
			buildSettings = {
				ALWAYS_SEARCH_USER_PATHS = NO;
				CLANG_ANALYZER_NONNULL = YES;
				CLANG_CXX_LANGUAGE_STANDARD = "gnu++0x";
				CLANG_CXX_LIBRARY = "libc++";
				CLANG_ENABLE_MODULES = YES;
				CLANG_ENABLE_OBJC_ARC = YES;
				CLANG_WARN_BOOL_CONVERSION = YES;
				CLANG_WARN_CONSTANT_CONVERSION = YES;
				CLANG_WARN_DIRECT_OBJC_ISA_USAGE = YES_ERROR;
				CLANG_WARN_DOCUMENTATION_COMMENTS = YES;
				CLANG_WARN_EMPTY_BODY = YES;
				CLANG_WARN_ENUM_CONVERSION = YES;
				CLANG_WARN_INFINITE_RECURSION = YES;
				CLANG_WARN_INT_CONVERSION = YES;
				CLANG_WARN_OBJC_ROOT_CLASS = YES_ERROR;
				CLANG_WARN_SUSPICIOUS_MOVE = YES;
				CLANG_WARN_UNREACHABLE_CODE = YES;
				CLANG_WARN__DUPLICATE_METHOD_MATCH = YES;
				"CODE_SIGN_IDENTITY[sdk=iphoneos*]" = "iPhone Developer";
				COPY_PHASE_STRIP = NO;
				DEBUG_INFORMATION_FORMAT = "dwarf-with-dsym";
				ENABLE_NS_ASSERTIONS = NO;
				ENABLE_STRICT_OBJC_MSGSEND = YES;
				GCC_C_LANGUAGE_STANDARD = gnu99;
				GCC_NO_COMMON_BLOCKS = YES;
				GCC_WARN_64_TO_32_BIT_CONVERSION = YES;
				GCC_WARN_ABOUT_RETURN_TYPE = YES_ERROR;
				GCC_WARN_UNDECLARED_SELECTOR = YES;
				GCC_WARN_UNINITIALIZED_AUTOS = YES_AGGRESSIVE;
				GCC_WARN_UNUSED_FUNCTION = YES;
				GCC_WARN_UNUSED_VARIABLE = YES;
				IPHONEOS_DEPLOYMENT_TARGET = 10.2;
				MTL_ENABLE_DEBUG_INFO = NO;
				SDKROOT = iphoneos;
				SWIFT_OPTIMIZATION_LEVEL = "-Owholemodule";
				VALIDATE_PRODUCT = YES;
			};
			name = Release;
		};
		B53ABFBB1E885040007B5BEA /* Debug */ = {
			isa = XCBuildConfiguration;
			baseConfigurationReference = 858CAF9A7D02A7D0655ECCA3 /* Pods-Keto Finder.debug.xcconfig */;
			buildSettings = {
				ASSETCATALOG_COMPILER_APPICON_NAME = AppIcon;
				"CODE_SIGN_IDENTITY[sdk=iphoneos*]" = "iPhone Developer";
				DEVELOPMENT_TEAM = R2Y4F8J6CR;
				INFOPLIST_FILE = "Keto Finder/Info.plist";
				LD_RUNPATH_SEARCH_PATHS = "$(inherited) @executable_path/Frameworks";
				PRODUCT_BUNDLE_IDENTIFIER = com.burningflowers.;
				PRODUCT_NAME = "$(TARGET_NAME)";
				SWIFT_VERSION = 3.0;
			};
			name = Debug;
		};
		B53ABFBC1E885040007B5BEA /* Release */ = {
			isa = XCBuildConfiguration;
			baseConfigurationReference = 45368EEE73E6C99807DB9B4B /* Pods-Keto Finder.release.xcconfig */;
			buildSettings = {
				ASSETCATALOG_COMPILER_APPICON_NAME = AppIcon;
				"CODE_SIGN_IDENTITY[sdk=iphoneos*]" = "iPhone Developer";
				DEVELOPMENT_TEAM = R2Y4F8J6CR;
				INFOPLIST_FILE = "Keto Finder/Info.plist";
				LD_RUNPATH_SEARCH_PATHS = "$(inherited) @executable_path/Frameworks";
				PRODUCT_BUNDLE_IDENTIFIER = com.burningflowers.;
				PRODUCT_NAME = "$(TARGET_NAME)";
				SWIFT_VERSION = 3.0;
			};
			name = Release;
		};
/* End XCBuildConfiguration section */

/* Begin XCConfigurationList section */
		B53ABFA31E885040007B5BEA /* Build configuration list for PBXProject "Keto Finder" */ = {
			isa = XCConfigurationList;
			buildConfigurations = (
				B53ABFB81E885040007B5BEA /* Debug */,
				B53ABFB91E885040007B5BEA /* Release */,
			);
			defaultConfigurationIsVisible = 0;
			defaultConfigurationName = Release;
		};
		B53ABFBA1E885040007B5BEA /* Build configuration list for PBXNativeTarget "Keto Finder" */ = {
			isa = XCConfigurationList;
			buildConfigurations = (
				B53ABFBB1E885040007B5BEA /* Debug */,
				B53ABFBC1E885040007B5BEA /* Release */,
			);
			defaultConfigurationIsVisible = 0;
			defaultConfigurationName = Release;
		};
/* End XCConfigurationList section */
	};
	rootObject = B53ABFA01E885040007B5BEA /* Project object */;
}
